
Microsoft Visual Studio Solution File, Format Version 12.00
# Visual Studio Version 16
VisualStudioVersion = 16.0.31019.35
MinimumVisualStudioVersion = 10.0.40219.1
Project("{9A19103F-16F7-4668-BE54-9A1E7A4F7556}") = "ControleFinanceiro.API", "ControleFinanceiro.API\ControleFinanceiro.API.csproj", "{C3AD0ACA-7953-4469-8C27-6901A7A6ABA8}"
EndProject
Project("{9A19103F-16F7-4668-BE54-9A1E7A4F7556}") = "ControleFinanceiro.DAL", "ControleFinanceiro.DAL\ControleFinanceiro.DAL.csproj", "{7F3AAA64-64D2-4D0A-B7DC-A01EB995948F}"
EndProject
Project("{9A19103F-16F7-4668-BE54-9A1E7A4F7556}") = "ControleFinanceiro.BLL", "ControleFinanceiro.BLL\ControleFinanceiro.BLL.csproj", "{F48816F5-A977-49EF-99D1-C5DB14BE15CB}"
EndProject
Global
	GlobalSection(SolutionConfigurationPlatforms) = preSolution
		Debug|Any CPU = Debug|Any CPU
		Release|Any CPU = Release|Any CPU
	EndGlobalSection
	GlobalSection(ProjectConfigurationPlatforms) = postSolution
		{C3AD0ACA-7953-4469-8C27-6901A7A6ABA8}.Debug|Any CPU.ActiveCfg = Debug|Any CPU
		{C3AD0ACA-7953-4469-8C27-6901A7A6ABA8}.Debug|Any CPU.Build.0 = Debug|Any CPU
		{C3AD0ACA-7953-4469-8C27-6901A7A6ABA8}.Release|Any CPU.ActiveCfg = Release|Any CPU
		{C3AD0ACA-7953-4469-8C27-6901A7A6ABA8}.Release|Any CPU.Build.0 = Release|Any CPU
		{7F3AAA64-64D2-4D0A-B7DC-A01EB995948F}.Debug|Any CPU.ActiveCfg = Debug|Any CPU
		{7F3AAA64-64D2-4D0A-B7DC-A01EB995948F}.Debug|Any CPU.Build.0 = Debug|Any CPU
		{7F3AAA64-64D2-4D0A-B7DC-A01EB995948F}.Release|Any CPU.ActiveCfg = Release|Any CPU
		{7F3AAA64-64D2-4D0A-B7DC-A01EB995948F}.Release|Any CPU.Build.0 = Release|Any CPU
		{F48816F5-A977-49EF-99D1-C5DB14BE15CB}.Debug|Any CPU.ActiveCfg = Debug|Any CPU
		{F48816F5-A977-49EF-99D1-C5DB14BE15CB}.Debug|Any CPU.Build.0 = Debug|Any CPU
		{F48816F5-A977-49EF-99D1-C5DB14BE15CB}.Release|Any CPU.ActiveCfg = Release|Any CPU
		{F48816F5-A977-49EF-99D1-C5DB14BE15CB}.Release|Any CPU.Build.0 = Release|Any CPU
	EndGlobalSection
	GlobalSection(SolutionProperties) = preSolution
		HideSolutionNode = FALSE
	EndGlobalSection
	GlobalSection(ExtensibilityGlobals) = postSolution
		SolutionGuid = {170DA5FE-9812-4E1E-96F1-8CCA2ADA836B}
	EndGlobalSection
EndGlobal
